
Microsoft Visual Studio Solution File, Format Version 12.00
# Visual Studio Version 17
VisualStudioVersion = 17.13.35931.197 d17.13
MinimumVisualStudioVersion = 10.0.40219.1
Project("{FAE04EC0-301F-11D3-BF4B-00C04F79EFBC}") = "Practice3", "Practice3\Practice3.csproj", "{9FB78042-C29D-4801-98D2-F1A79B471CAB}"
EndProject
Project("{FAE04EC0-301F-11D3-BF4B-00C04F79EFBC}") = "1", "1\1.csproj", "{CDB37176-4269-4FB5-A246-CA9D107E2CEF}"
EndProject
Project("{FAE04EC0-301F-11D3-BF4B-00C04F79EFBC}") = "2", "2\2.csproj", "{4F7F8ED4-D654-419E-8FD0-65D710274453}"
EndProject
Project("{FAE04EC0-301F-11D3-BF4B-00C04F79EFBC}") = "3", "3\3.csproj", "{C811E308-5910-4CAB-81DC-3D61A8084B0F}"
EndProject
Project("{FAE04EC0-301F-11D3-BF4B-00C04F79EFBC}") = "4", "4\4.csproj", "{7F79953B-3932-4991-A9F8-5C785F147189}"
EndProject
Project("{FAE04EC0-301F-11D3-BF4B-00C04F79EFBC}") = "5", "5\5.csproj", "{B88878E7-DDD0-4B43-AF76-BDA0FD4C2C5E}"
EndProject
Project("{FAE04EC0-301F-11D3-BF4B-00C04F79EFBC}") = "6", "6\6.csproj", "{F37D20BC-CB0D-4A4E-8CB4-68AC883F5000}"
EndProject
Project("{FAE04EC0-301F-11D3-BF4B-00C04F79EFBC}") = "7", "7\7.csproj", "{E5AD58B2-E2B3-48E8-B7EE-38DCDFF480F7}"
EndProject
Project("{FAE04EC0-301F-11D3-BF4B-00C04F79EFBC}") = "8", "8\8.csproj", "{680D3A3F-936A-4FF7-91E9-BE694EBF3F66}"
EndProject
Project("{FAE04EC0-301F-11D3-BF4B-00C04F79EFBC}") = "9", "9\9.csproj", "{98F2D6D5-DEE0-4011-8A9A-2E479A7F7C43}"
EndProject
Project("{FAE04EC0-301F-11D3-BF4B-00C04F79EFBC}") = "10", "10\10.csproj", "{590AD1FA-7745-48C9-9568-DAB01FF2F193}"
EndProject
Project("{FAE04EC0-301F-11D3-BF4B-00C04F79EFBC}") = "11", "11\11.csproj", "{0E387441-A966-4D6D-9765-F64149F8A1A6}"
EndProject
Project("{FAE04EC0-301F-11D3-BF4B-00C04F79EFBC}") = "12", "12\12.csproj", "{03D61D8A-A44D-436C-A6B2-22DD93E9796E}"
EndProject
Project("{FAE04EC0-301F-11D3-BF4B-00C04F79EFBC}") = "13", "13\13.csproj", "{896EFC2C-181A-4AE4-9F47-3C21609F5B5D}"
EndProject
Project("{FAE04EC0-301F-11D3-BF4B-00C04F79EFBC}") = "14", "14\14.csproj", "{1A1D77DB-FA1F-4A62-94F9-D9591934853F}"
EndProject
Project("{FAE04EC0-301F-11D3-BF4B-00C04F79EFBC}") = "15", "15\15.csproj", "{14726A7E-4344-4457-BE2C-9FD972FE5EE9}"
EndProject
Project("{FAE04EC0-301F-11D3-BF4B-00C04F79EFBC}") = "16", "16\16.csproj", "{BB9F6D8E-7C44-469F-B960-5E78D94FC31B}"
EndProject
Project("{FAE04EC0-301F-11D3-BF4B-00C04F79EFBC}") = "17", "17\17.csproj", "{B493098C-C58A-46D8-B502-49A2E752270D}"
EndProject
Project("{FAE04EC0-301F-11D3-BF4B-00C04F79EFBC}") = "18", "18\18.csproj", "{2E020690-AEC0-4BA2-A6F2-F0DD81A1EDB9}"
EndProject
Project("{FAE04EC0-301F-11D3-BF4B-00C04F79EFBC}") = "19", "19\19.csproj", "{6FA7C632-137E-4A35-AAF5-0FE1B9A0E53C}"
EndProject
Project("{FAE04EC0-301F-11D3-BF4B-00C04F79EFBC}") = "20", "20\20.csproj", "{67E59BCA-F6A6-41F0-B2D3-9175C23B005F}"
EndProject
Project("{FAE04EC0-301F-11D3-BF4B-00C04F79EFBC}") = "21", "21\21.csproj", "{7EEB1164-F7C4-466D-9306-316C74895C3B}"
EndProject
Project("{FAE04EC0-301F-11D3-BF4B-00C04F79EFBC}") = "22", "22\22.csproj", "{7E0A1DC8-8D90-4BD2-9986-EE47DCABA835}"
EndProject
Global
	GlobalSection(SolutionConfigurationPlatforms) = preSolution
		Debug|Any CPU = Debug|Any CPU
		Release|Any CPU = Release|Any CPU
	EndGlobalSection
	GlobalSection(ProjectConfigurationPlatforms) = postSolution
		{9FB78042-C29D-4801-98D2-F1A79B471CAB}.Debug|Any CPU.ActiveCfg = Debug|Any CPU
		{9FB78042-C29D-4801-98D2-F1A79B471CAB}.Debug|Any CPU.Build.0 = Debug|Any CPU
		{9FB78042-C29D-4801-98D2-F1A79B471CAB}.Release|Any CPU.ActiveCfg = Release|Any CPU
		{9FB78042-C29D-4801-98D2-F1A79B471CAB}.Release|Any CPU.Build.0 = Release|Any CPU
		{CDB37176-4269-4FB5-A246-CA9D107E2CEF}.Debug|Any CPU.ActiveCfg = Debug|Any CPU
		{CDB37176-4269-4FB5-A246-CA9D107E2CEF}.Debug|Any CPU.Build.0 = Debug|Any CPU
		{CDB37176-4269-4FB5-A246-CA9D107E2CEF}.Release|Any CPU.ActiveCfg = Release|Any CPU
		{CDB37176-4269-4FB5-A246-CA9D107E2CEF}.Release|Any CPU.Build.0 = Release|Any CPU
		{4F7F8ED4-D654-419E-8FD0-65D710274453}.Debug|Any CPU.ActiveCfg = Debug|Any CPU
		{4F7F8ED4-D654-419E-8FD0-65D710274453}.Debug|Any CPU.Build.0 = Debug|Any CPU
		{4F7F8ED4-D654-419E-8FD0-65D710274453}.Release|Any CPU.ActiveCfg = Release|Any CPU
		{4F7F8ED4-D654-419E-8FD0-65D710274453}.Release|Any CPU.Build.0 = Release|Any CPU
		{C811E308-5910-4CAB-81DC-3D61A8084B0F}.Debug|Any CPU.ActiveCfg = Debug|Any CPU
		{C811E308-5910-4CAB-81DC-3D61A8084B0F}.Debug|Any CPU.Build.0 = Debug|Any CPU
		{C811E308-5910-4CAB-81DC-3D61A8084B0F}.Release|Any CPU.ActiveCfg = Release|Any CPU
		{C811E308-5910-4CAB-81DC-3D61A8084B0F}.Release|Any CPU.Build.0 = Release|Any CPU
		{7F79953B-3932-4991-A9F8-5C785F147189}.Debug|Any CPU.ActiveCfg = Debug|Any CPU
		{7F79953B-3932-4991-A9F8-5C785F147189}.Debug|Any CPU.Build.0 = Debug|Any CPU
		{7F79953B-3932-4991-A9F8-5C785F147189}.Release|Any CPU.ActiveCfg = Release|Any CPU
		{7F79953B-3932-4991-A9F8-5C785F147189}.Release|Any CPU.Build.0 = Release|Any CPU
		{B88878E7-DDD0-4B43-AF76-BDA0FD4C2C5E}.Debug|Any CPU.ActiveCfg = Debug|Any CPU
		{B88878E7-DDD0-4B43-AF76-BDA0FD4C2C5E}.Debug|Any CPU.Build.0 = Debug|Any CPU
		{B88878E7-DDD0-4B43-AF76-BDA0FD4C2C5E}.Release|Any CPU.ActiveCfg = Release|Any CPU
		{B88878E7-DDD0-4B43-AF76-BDA0FD4C2C5E}.Release|Any CPU.Build.0 = Release|Any CPU
		{F37D20BC-CB0D-4A4E-8CB4-68AC883F5000}.Debug|Any CPU.ActiveCfg = Debug|Any CPU
		{F37D20BC-CB0D-4A4E-8CB4-68AC883F5000}.Debug|Any CPU.Build.0 = Debug|Any CPU
		{F37D20BC-CB0D-4A4E-8CB4-68AC883F5000}.Release|Any CPU.ActiveCfg = Release|Any CPU
		{F37D20BC-CB0D-4A4E-8CB4-68AC883F5000}.Release|Any CPU.Build.0 = Release|Any CPU
		{E5AD58B2-E2B3-48E8-B7EE-38DCDFF480F7}.Debug|Any CPU.ActiveCfg = Debug|Any CPU
		{E5AD58B2-E2B3-48E8-B7EE-38DCDFF480F7}.Debug|Any CPU.Build.0 = Debug|Any CPU
		{E5AD58B2-E2B3-48E8-B7EE-38DCDFF480F7}.Release|Any CPU.ActiveCfg = Release|Any CPU
		{E5AD58B2-E2B3-48E8-B7EE-38DCDFF480F7}.Release|Any CPU.Build.0 = Release|Any CPU
		{680D3A3F-936A-4FF7-91E9-BE694EBF3F66}.Debug|Any CPU.ActiveCfg = Debug|Any CPU
		{680D3A3F-936A-4FF7-91E9-BE694EBF3F66}.Debug|Any CPU.Build.0 = Debug|Any CPU
		{680D3A3F-936A-4FF7-91E9-BE694EBF3F66}.Release|Any CPU.ActiveCfg = Release|Any CPU
		{680D3A3F-936A-4FF7-91E9-BE694EBF3F66}.Release|Any CPU.Build.0 = Release|Any CPU
		{98F2D6D5-DEE0-4011-8A9A-2E479A7F7C43}.Debug|Any CPU.ActiveCfg = Debug|Any CPU
		{98F2D6D5-DEE0-4011-8A9A-2E479A7F7C43}.Debug|Any CPU.Build.0 = Debug|Any CPU
		{98F2D6D5-DEE0-4011-8A9A-2E479A7F7C43}.Release|Any CPU.ActiveCfg = Release|Any CPU
		{98F2D6D5-DEE0-4011-8A9A-2E479A7F7C43}.Release|Any CPU.Build.0 = Release|Any CPU
		{590AD1FA-7745-48C9-9568-DAB01FF2F193}.Debug|Any CPU.ActiveCfg = Debug|Any CPU
		{590AD1FA-7745-48C9-9568-DAB01FF2F193}.Debug|Any CPU.Build.0 = Debug|Any CPU
		{590AD1FA-7745-48C9-9568-DAB01FF2F193}.Release|Any CPU.ActiveCfg = Release|Any CPU
		{590AD1FA-7745-48C9-9568-DAB01FF2F193}.Release|Any CPU.Build.0 = Release|Any CPU
		{0E387441-A966-4D6D-9765-F64149F8A1A6}.Debug|Any CPU.ActiveCfg = Debug|Any CPU
		{0E387441-A966-4D6D-9765-F64149F8A1A6}.Debug|Any CPU.Build.0 = Debug|Any CPU
		{0E387441-A966-4D6D-9765-F64149F8A1A6}.Release|Any CPU.ActiveCfg = Release|Any CPU
		{0E387441-A966-4D6D-9765-F64149F8A1A6}.Release|Any CPU.Build.0 = Release|Any CPU
		{03D61D8A-A44D-436C-A6B2-22DD93E9796E}.Debug|Any CPU.ActiveCfg = Debug|Any CPU
		{03D61D8A-A44D-436C-A6B2-22DD93E9796E}.Debug|Any CPU.Build.0 = Debug|Any CPU
		{03D61D8A-A44D-436C-A6B2-22DD93E9796E}.Release|Any CPU.ActiveCfg = Release|Any CPU
		{03D61D8A-A44D-436C-A6B2-22DD93E9796E}.Release|Any CPU.Build.0 = Release|Any CPU
		{896EFC2C-181A-4AE4-9F47-3C21609F5B5D}.Debug|Any CPU.ActiveCfg = Debug|Any CPU
		{896EFC2C-181A-4AE4-9F47-3C21609F5B5D}.Debug|Any CPU.Build.0 = Debug|Any CPU
		{896EFC2C-181A-4AE4-9F47-3C21609F5B5D}.Release|Any CPU.ActiveCfg = Release|Any CPU
		{896EFC2C-181A-4AE4-9F47-3C21609F5B5D}.Release|Any CPU.Build.0 = Release|Any CPU
		{1A1D77DB-FA1F-4A62-94F9-D9591934853F}.Debug|Any CPU.ActiveCfg = Debug|Any CPU
		{1A1D77DB-FA1F-4A62-94F9-D9591934853F}.Debug|Any CPU.Build.0 = Debug|Any CPU
		{1A1D77DB-FA1F-4A62-94F9-D9591934853F}.Release|Any CPU.ActiveCfg = Release|Any CPU
		{1A1D77DB-FA1F-4A62-94F9-D9591934853F}.Release|Any CPU.Build.0 = Release|Any CPU
		{14726A7E-4344-4457-BE2C-9FD972FE5EE9}.Debug|Any CPU.ActiveCfg = Debug|Any CPU
		{14726A7E-4344-4457-BE2C-9FD972FE5EE9}.Debug|Any CPU.Build.0 = Debug|Any CPU
		{14726A7E-4344-4457-BE2C-9FD972FE5EE9}.Release|Any CPU.ActiveCfg = Release|Any CPU
		{14726A7E-4344-4457-BE2C-9FD972FE5EE9}.Release|Any CPU.Build.0 = Release|Any CPU
		{BB9F6D8E-7C44-469F-B960-5E78D94FC31B}.Debug|Any CPU.ActiveCfg = Debug|Any CPU
		{BB9F6D8E-7C44-469F-B960-5E78D94FC31B}.Debug|Any CPU.Build.0 = Debug|Any CPU
		{BB9F6D8E-7C44-469F-B960-5E78D94FC31B}.Release|Any CPU.ActiveCfg = Release|Any CPU
		{BB9F6D8E-7C44-469F-B960-5E78D94FC31B}.Release|Any CPU.Build.0 = Release|Any CPU
		{B493098C-C58A-46D8-B502-49A2E752270D}.Debug|Any CPU.ActiveCfg = Debug|Any CPU
		{B493098C-C58A-46D8-B502-49A2E752270D}.Debug|Any CPU.Build.0 = Debug|Any CPU
		{B493098C-C58A-46D8-B502-49A2E752270D}.Release|Any CPU.ActiveCfg = Release|Any CPU
		{B493098C-C58A-46D8-B502-49A2E752270D}.Release|Any CPU.Build.0 = Release|Any CPU
		{2E020690-AEC0-4BA2-A6F2-F0DD81A1EDB9}.Debug|Any CPU.ActiveCfg = Debug|Any CPU
		{2E020690-AEC0-4BA2-A6F2-F0DD81A1EDB9}.Debug|Any CPU.Build.0 = Debug|Any CPU
		{2E020690-AEC0-4BA2-A6F2-F0DD81A1EDB9}.Release|Any CPU.ActiveCfg = Release|Any CPU
		{2E020690-AEC0-4BA2-A6F2-F0DD81A1EDB9}.Release|Any CPU.Build.0 = Release|Any CPU
		{6FA7C632-137E-4A35-AAF5-0FE1B9A0E53C}.Debug|Any CPU.ActiveCfg = Debug|Any CPU
		{6FA7C632-137E-4A35-AAF5-0FE1B9A0E53C}.Debug|Any CPU.Build.0 = Debug|Any CPU
		{6FA7C632-137E-4A35-AAF5-0FE1B9A0E53C}.Release|Any CPU.ActiveCfg = Release|Any CPU
		{6FA7C632-137E-4A35-AAF5-0FE1B9A0E53C}.Release|Any CPU.Build.0 = Release|Any CPU
		{67E59BCA-F6A6-41F0-B2D3-9175C23B005F}.Debug|Any CPU.ActiveCfg = Debug|Any CPU
		{67E59BCA-F6A6-41F0-B2D3-9175C23B005F}.Debug|Any CPU.Build.0 = Debug|Any CPU
		{67E59BCA-F6A6-41F0-B2D3-9175C23B005F}.Release|Any CPU.ActiveCfg = Release|Any CPU
		{67E59BCA-F6A6-41F0-B2D3-9175C23B005F}.Release|Any CPU.Build.0 = Release|Any CPU
		{7EEB1164-F7C4-466D-9306-316C74895C3B}.Debug|Any CPU.ActiveCfg = Debug|Any CPU
		{7EEB1164-F7C4-466D-9306-316C74895C3B}.Debug|Any CPU.Build.0 = Debug|Any CPU
		{7EEB1164-F7C4-466D-9306-316C74895C3B}.Release|Any CPU.ActiveCfg = Release|Any CPU
		{7EEB1164-F7C4-466D-9306-316C74895C3B}.Release|Any CPU.Build.0 = Release|Any CPU
		{7E0A1DC8-8D90-4BD2-9986-EE47DCABA835}.Debug|Any CPU.ActiveCfg = Debug|Any CPU
		{7E0A1DC8-8D90-4BD2-9986-EE47DCABA835}.Debug|Any CPU.Build.0 = Debug|Any CPU
		{7E0A1DC8-8D90-4BD2-9986-EE47DCABA835}.Release|Any CPU.ActiveCfg = Release|Any CPU
		{7E0A1DC8-8D90-4BD2-9986-EE47DCABA835}.Release|Any CPU.Build.0 = Release|Any CPU
	EndGlobalSection
	GlobalSection(SolutionProperties) = preSolution
		HideSolutionNode = FALSE
	EndGlobalSection
	GlobalSection(ExtensibilityGlobals) = postSolution
		SolutionGuid = {923BAFF6-E9CD-4DD2-9EAF-09547BB5F3BA}
	EndGlobalSection
EndGlobal
